
Microsoft Visual Studio Solution File, Format Version 12.00
# Visual Studio Version 16
VisualStudioVersion = 16.0.33328.57
MinimumVisualStudioVersion = 10.0.40219.1
Project("{FAE04EC0-301F-11D3-BF4B-00C04F79EFBC}") = "Proiect_frigider", "Proiect_frigider\Proiect_frigider.csproj", "{CAB7C1A9-FA39-4723-BADF-4FE84F887007}"
EndProject
Global
	GlobalSection(SolutionConfigurationPlatforms) = preSolution
		Debug|Any CPU = Debug|Any CPU
		Release|Any CPU = Release|Any CPU
	EndGlobalSection
	GlobalSection(ProjectConfigurationPlatforms) = postSolution
		{CAB7C1A9-FA39-4723-BADF-4FE84F887007}.Debug|Any CPU.ActiveCfg = Debug|Any CPU
		{CAB7C1A9-FA39-4723-BADF-4FE84F887007}.Debug|Any CPU.Build.0 = Debug|Any CPU
		{CAB7C1A9-FA39-4723-BADF-4FE84F887007}.Release|Any CPU.ActiveCfg = Release|Any CPU
		{CAB7C1A9-FA39-4723-BADF-4FE84F887007}.Release|Any CPU.Build.0 = Release|Any CPU
	EndGlobalSection
	GlobalSection(SolutionProperties) = preSolution
		HideSolutionNode = FALSE
	EndGlobalSection
	GlobalSection(ExtensibilityGlobals) = postSolution
		SolutionGuid = {98FE42F7-0DAD-4956-8FDB-21E683E69E77}
	EndGlobalSection
EndGlobal
